
Microsoft Visual Studio Solution File, Format Version 12.00
# Visual Studio 14
VisualStudioVersion = 14.0.25420.1
MinimumVisualStudioVersion = 10.0.40219.1
Project("{FAE04EC0-301F-11D3-BF4B-00C04F79EFBC}") = "Phoneword", "Phoneword\Phoneword\Phoneword.csproj", "{30DFD9F4-E64F-4BFC-920A-8FF83DD27BCA}"
EndProject
Project("{FAE04EC0-301F-11D3-BF4B-00C04F79EFBC}") = "Phoneword.Droid", "Phoneword\Phoneword.Droid\Phoneword.Droid.csproj", "{D79EB748-DB0F-40DE-81D5-27CC55404F37}"
EndProject
Project("{FAE04EC0-301F-11D3-BF4B-00C04F79EFBC}") = "Phoneword.UWP", "Phoneword\Phoneword.UWP\Phoneword.UWP.csproj", "{A9F84D56-51EA-434D-A4E9-A52CA9340893}"
EndProject
Global
	GlobalSection(SolutionConfigurationPlatforms) = preSolution
		Debug|Any CPU = Debug|Any CPU
		Debug|ARM = Debug|ARM
		Debug|x64 = Debug|x64
		Debug|x86 = Debug|x86
		Release|Any CPU = Release|Any CPU
		Release|ARM = Release|ARM
		Release|x64 = Release|x64
		Release|x86 = Release|x86
	EndGlobalSection
	GlobalSection(ProjectConfigurationPlatforms) = postSolution
		{30DFD9F4-E64F-4BFC-920A-8FF83DD27BCA}.Debug|Any CPU.ActiveCfg = Debug|Any CPU
		{30DFD9F4-E64F-4BFC-920A-8FF83DD27BCA}.Debug|Any CPU.Build.0 = Debug|Any CPU
		{30DFD9F4-E64F-4BFC-920A-8FF83DD27BCA}.Debug|ARM.ActiveCfg = Debug|Any CPU
		{30DFD9F4-E64F-4BFC-920A-8FF83DD27BCA}.Debug|ARM.Build.0 = Debug|Any CPU
		{30DFD9F4-E64F-4BFC-920A-8FF83DD27BCA}.Debug|x64.ActiveCfg = Debug|Any CPU
		{30DFD9F4-E64F-4BFC-920A-8FF83DD27BCA}.Debug|x64.Build.0 = Debug|Any CPU
		{30DFD9F4-E64F-4BFC-920A-8FF83DD27BCA}.Debug|x86.ActiveCfg = Debug|Any CPU
		{30DFD9F4-E64F-4BFC-920A-8FF83DD27BCA}.Debug|x86.Build.0 = Debug|Any CPU
		{30DFD9F4-E64F-4BFC-920A-8FF83DD27BCA}.Release|Any CPU.ActiveCfg = Release|Any CPU
		{30DFD9F4-E64F-4BFC-920A-8FF83DD27BCA}.Release|Any CPU.Build.0 = Release|Any CPU
		{30DFD9F4-E64F-4BFC-920A-8FF83DD27BCA}.Release|ARM.ActiveCfg = Release|Any CPU
		{30DFD9F4-E64F-4BFC-920A-8FF83DD27BCA}.Release|ARM.Build.0 = Release|Any CPU
		{30DFD9F4-E64F-4BFC-920A-8FF83DD27BCA}.Release|x64.ActiveCfg = Release|Any CPU
		{30DFD9F4-E64F-4BFC-920A-8FF83DD27BCA}.Release|x64.Build.0 = Release|Any CPU
		{30DFD9F4-E64F-4BFC-920A-8FF83DD27BCA}.Release|x86.ActiveCfg = Release|Any CPU
		{30DFD9F4-E64F-4BFC-920A-8FF83DD27BCA}.Release|x86.Build.0 = Release|Any CPU
		{D79EB748-DB0F-40DE-81D5-27CC55404F37}.Debug|Any CPU.ActiveCfg = Debug|Any CPU
		{D79EB748-DB0F-40DE-81D5-27CC55404F37}.Debug|Any CPU.Build.0 = Debug|Any CPU
		{D79EB748-DB0F-40DE-81D5-27CC55404F37}.Debug|Any CPU.Deploy.0 = Debug|Any CPU
		{D79EB748-DB0F-40DE-81D5-27CC55404F37}.Debug|ARM.ActiveCfg = Debug|Any CPU
		{D79EB748-DB0F-40DE-81D5-27CC55404F37}.Debug|ARM.Build.0 = Debug|Any CPU
		{D79EB748-DB0F-40DE-81D5-27CC55404F37}.Debug|ARM.Deploy.0 = Debug|Any CPU
		{D79EB748-DB0F-40DE-81D5-27CC55404F37}.Debug|x64.ActiveCfg = Debug|Any CPU
		{D79EB748-DB0F-40DE-81D5-27CC55404F37}.Debug|x64.Build.0 = Debug|Any CPU
		{D79EB748-DB0F-40DE-81D5-27CC55404F37}.Debug|x64.Deploy.0 = Debug|Any CPU
		{D79EB748-DB0F-40DE-81D5-27CC55404F37}.Debug|x86.ActiveCfg = Debug|Any CPU
		{D79EB748-DB0F-40DE-81D5-27CC55404F37}.Debug|x86.Build.0 = Debug|Any CPU
		{D79EB748-DB0F-40DE-81D5-27CC55404F37}.Debug|x86.Deploy.0 = Debug|Any CPU
		{D79EB748-DB0F-40DE-81D5-27CC55404F37}.Release|Any CPU.ActiveCfg = Release|Any CPU
		{D79EB748-DB0F-40DE-81D5-27CC55404F37}.Release|Any CPU.Build.0 = Release|Any CPU
		{D79EB748-DB0F-40DE-81D5-27CC55404F37}.Release|Any CPU.Deploy.0 = Release|Any CPU
		{D79EB748-DB0F-40DE-81D5-27CC55404F37}.Release|ARM.ActiveCfg = Release|Any CPU
		{D79EB748-DB0F-40DE-81D5-27CC55404F37}.Release|ARM.Build.0 = Release|Any CPU
		{D79EB748-DB0F-40DE-81D5-27CC55404F37}.Release|ARM.Deploy.0 = Release|Any CPU
		{D79EB748-DB0F-40DE-81D5-27CC55404F37}.Release|x64.ActiveCfg = Release|Any CPU
		{D79EB748-DB0F-40DE-81D5-27CC55404F37}.Release|x64.Build.0 = Release|Any CPU
		{D79EB748-DB0F-40DE-81D5-27CC55404F37}.Release|x64.Deploy.0 = Release|Any CPU
		{D79EB748-DB0F-40DE-81D5-27CC55404F37}.Release|x86.ActiveCfg = Release|Any CPU
		{D79EB748-DB0F-40DE-81D5-27CC55404F37}.Release|x86.Build.0 = Release|Any CPU
		{D79EB748-DB0F-40DE-81D5-27CC55404F37}.Release|x86.Deploy.0 = Release|Any CPU
		{A9F84D56-51EA-434D-A4E9-A52CA9340893}.Debug|Any CPU.ActiveCfg = Debug|x86
		{A9F84D56-51EA-434D-A4E9-A52CA9340893}.Debug|Any CPU.Build.0 = Debug|x86
		{A9F84D56-51EA-434D-A4E9-A52CA9340893}.Debug|Any CPU.Deploy.0 = Debug|x86
		{A9F84D56-51EA-434D-A4E9-A52CA9340893}.Debug|ARM.ActiveCfg = Debug|ARM
		{A9F84D56-51EA-434D-A4E9-A52CA9340893}.Debug|ARM.Build.0 = Debug|ARM
		{A9F84D56-51EA-434D-A4E9-A52CA9340893}.Debug|ARM.Deploy.0 = Debug|ARM
		{A9F84D56-51EA-434D-A4E9-A52CA9340893}.Debug|x64.ActiveCfg = Debug|x64
		{A9F84D56-51EA-434D-A4E9-A52CA9340893}.Debug|x64.Build.0 = Debug|x64
		{A9F84D56-51EA-434D-A4E9-A52CA9340893}.Debug|x64.Deploy.0 = Debug|x64
		{A9F84D56-51EA-434D-A4E9-A52CA9340893}.Debug|x86.ActiveCfg = Debug|x86
		{A9F84D56-51EA-434D-A4E9-A52CA9340893}.Debug|x86.Build.0 = Debug|x86
		{A9F84D56-51EA-434D-A4E9-A52CA9340893}.Debug|x86.Deploy.0 = Debug|x86
		{A9F84D56-51EA-434D-A4E9-A52CA9340893}.Release|Any CPU.ActiveCfg = Release|x86
		{A9F84D56-51EA-434D-A4E9-A52CA9340893}.Release|ARM.ActiveCfg = Release|ARM
		{A9F84D56-51EA-434D-A4E9-A52CA9340893}.Release|ARM.Build.0 = Release|ARM
		{A9F84D56-51EA-434D-A4E9-A52CA9340893}.Release|ARM.Deploy.0 = Release|ARM
		{A9F84D56-51EA-434D-A4E9-A52CA9340893}.Release|x64.ActiveCfg = Release|x64
		{A9F84D56-51EA-434D-A4E9-A52CA9340893}.Release|x64.Build.0 = Release|x64
		{A9F84D56-51EA-434D-A4E9-A52CA9340893}.Release|x64.Deploy.0 = Release|x64
		{A9F84D56-51EA-434D-A4E9-A52CA9340893}.Release|x86.ActiveCfg = Release|x86
		{A9F84D56-51EA-434D-A4E9-A52CA9340893}.Release|x86.Build.0 = Release|x86
		{A9F84D56-51EA-434D-A4E9-A52CA9340893}.Release|x86.Deploy.0 = Release|x86
	EndGlobalSection
	GlobalSection(SolutionProperties) = preSolution
		HideSolutionNode = FALSE
	EndGlobalSection
EndGlobal
